// !$*UTF8*$!
{
	archiveVersion = 1;
	classes = {
	};
	objectVersion = 46;
	objects = {

/* Begin PBXBuildFile section */
		BCCE0A891B7982F700B40049 /* main.m in Sources */ = {isa = PBXBuildFile; fileRef = BCCE0A881B7982F700B40049 /* main.m */; };
		BCCE0A8C1B7982F700B40049 /* AppDelegate.m in Sources */ = {isa = PBXBuildFile; fileRef = BCCE0A8B1B7982F700B40049 /* AppDelegate.m */; };
		BCCE0A8E1B7982F700B40049 /* Images.xcassets in Resources */ = {isa = PBXBuildFile; fileRef = BCCE0A8D1B7982F700B40049 /* Images.xcassets */; };
		BCCE0A911B7982F700B40049 /* LaunchScreen.xib in Resources */ = {isa = PBXBuildFile; fileRef = BCCE0A8F1B7982F700B40049 /* LaunchScreen.xib */; };
		BCCE0A9D1B7982F700B40049 /* NetPushDemoTests.m in Sources */ = {isa = PBXBuildFile; fileRef = BCCE0A9C1B7982F700B40049 /* NetPushDemoTests.m */; };
/* End PBXBuildFile section */

/* Begin PBXContainerItemProxy section */
		BCCE0A971B7982F700B40049 /* PBXContainerItemProxy */ = {
			isa = PBXContainerItemProxy;
			containerPortal = BCCE0A7B1B7982F700B40049 /* Project object */;
			proxyType = 1;
			remoteGlobalIDString = BCCE0A821B7982F700B40049;
			remoteInfo = NetPushDemo;
		};
/* End PBXContainerItemProxy section */

/* Begin PBXFileReference section */
		BCCE0A831B7982F700B40049 /* NetPushDemo.app */ = {isa = PBXFileReference; explicitFileType = wrapper.application; includeInIndex = 0; path = NetPushDemo.app; sourceTree = BUILT_PRODUCTS_DIR; };
		BCCE0A871B7982F700B40049 /* Info.plist */ = {isa = PBXFileReference; lastKnownFileType = text.plist.xml; path = Info.plist; sourceTree = "<group>"; };
		BCCE0A881B7982F700B40049 /* main.m */ = {isa = PBXFileReference; lastKnownFileType = sourcecode.c.objc; path = main.m; sourceTree = "<group>"; };
		BCCE0A8A1B7982F700B40049 /* AppDelegate.h */ = {isa = PBXFileReference; lastKnownFileType = sourcecode.c.h; path = AppDelegate.h; sourceTree = "<group>"; };
		BCCE0A8B1B7982F700B40049 /* AppDelegate.m */ = {isa = PBXFileReference; lastKnownFileType = sourcecode.c.objc; path = AppDelegate.m; sourceTree = "<group>"; };
		BCCE0A8D1B7982F700B40049 /* Images.xcassets */ = {isa = PBXFileReference; lastKnownFileType = folder.assetcatalog; path = Images.xcassets; sourceTree = "<group>"; };
		BCCE0A901B7982F700B40049 /* Base */ = {isa = PBXFileReference; lastKnownFileType = file.xib; name = Base; path = Base.lproj/LaunchScreen.xib; sourceTree = "<group>"; };
		BCCE0A961B7982F700B40049 /* NetPushDemoTests.xctest */ = {isa = PBXFileReference; explicitFileType = wrapper.cfbundle; includeInIndex = 0; path = NetPushDemoTests.xctest; sourceTree = BUILT_PRODUCTS_DIR; };
		BCCE0A9B1B7982F700B40049 /* Info.plist */ = {isa = PBXFileReference; lastKnownFileType = text.plist.xml; path = Info.plist; sourceTree = "<group>"; };
		BCCE0A9C1B7982F700B40049 /* NetPushDemoTests.m */ = {isa = PBXFileReference; lastKnownFileType = sourcecode.c.objc; path = NetPushDemoTests.m; sourceTree = "<group>"; };
/* End PBXFileReference section */

/* Begin PBXFrameworksBuildPhase section */
		BCCE0A801B7982F700B40049 /* Frameworks */ = {
			isa = PBXFrameworksBuildPhase;
			buildActionMask = 2147483647;
			files = (
			);
			runOnlyForDeploymentPostprocessing = 0;
		};
		BCCE0A931B7982F700B40049 /* Frameworks */ = {
			isa = PBXFrameworksBuildPhase;
			buildActionMask = 2147483647;
			files = (
			);
			runOnlyForDeploymentPostprocessing = 0;
		};
/* End PBXFrameworksBuildPhase section */

/* Begin PBXGroup section */
		BCCE0A7A1B7982F700B40049 = {
			isa = PBXGroup;
			children = (
				BCCE0A851B7982F700B40049 /* NetPushDemo */,
				BCCE0A991B7982F700B40049 /* NetPushDemoTests */,
				BCCE0A841B7982F700B40049 /* Products */,
			);
			sourceTree = "<group>";
		};
		BCCE0A841B7982F700B40049 /* Products */ = {
			isa = PBXGroup;
			children = (
				BCCE0A831B7982F700B40049 /* NetPushDemo.app */,
				BCCE0A961B7982F700B40049 /* NetPushDemoTests.xctest */,
			);
			name = Products;
			sourceTree = "<group>";
		};
		BCCE0A851B7982F700B40049 /* NetPushDemo */ = {
			isa = PBXGroup;
			children = (
				BCCE0A8A1B7982F700B40049 /* AppDelegate.h */,
				BCCE0A8B1B7982F700B40049 /* AppDelegate.m */,
				BCCE0A8D1B7982F700B40049 /* Images.xcassets */,
				BCCE0A8F1B7982F700B40049 /* LaunchScreen.xib */,
				BCCE0A861B7982F700B40049 /* Supporting Files */,
			);
			path = NetPushDemo;
			sourceTree = "<group>";
		};
		BCCE0A861B7982F700B40049 /* Supporting Files */ = {
			isa = PBXGroup;
			children = (
				BCCE0A871B7982F700B40049 /* Info.plist */,
				BCCE0A881B7982F700B40049 /* main.m */,
			);
			name = "Supporting Files";
			sourceTree = "<group>";
		};
		BCCE0A991B7982F700B40049 /* NetPushDemoTests */ = {
			isa = PBXGroup;
			children = (
				BCCE0A9C1B7982F700B40049 /* NetPushDemoTests.m */,
				BCCE0A9A1B7982F700B40049 /* Supporting Files */,
			);
			path = NetPushDemoTests;
			sourceTree = "<group>";
		};
		BCCE0A9A1B7982F700B40049 /* Supporting Files */ = {
			isa = PBXGroup;
			children = (
				BCCE0A9B1B7982F700B40049 /* Info.plist */,
			);
			name = "Supporting Files";
			sourceTree = "<group>";
		};
/* End PBXGroup section */

/* Begin PBXNativeTarget section */
		BCCE0A821B7982F700B40049 /* NetPushDemo */ = {
			isa = PBXNativeTarget;
			buildConfigurationList = BCCE0AA01B7982F700B40049 /* Build configuration list for PBXNativeTarget "NetPushDemo" */;
			buildPhases = (
				BCCE0A7F1B7982F700B40049 /* Sources */,
				BCCE0A801B7982F700B40049 /* Frameworks */,
				BCCE0A811B7982F700B40049 /* Resources */,
			);
			buildRules = (
			);
			dependencies = (
			);
			name = NetPushDemo;
			productName = NetPushDemo;
			productReference = BCCE0A831B7982F700B40049 /* NetPushDemo.app */;
			productType = "com.apple.product-type.application";
		};
		BCCE0A951B7982F700B40049 /* NetPushDemoTests */ = {
			isa = PBXNativeTarget;
			buildConfigurationList = BCCE0AA31B7982F700B40049 /* Build configuration list for PBXNativeTarget "NetPushDemoTests" */;
			buildPhases = (
				BCCE0A921B7982F700B40049 /* Sources */,
				BCCE0A931B7982F700B40049 /* Frameworks */,
				BCCE0A941B7982F700B40049 /* Resources */,
			);
			buildRules = (
			);
			dependencies = (
				BCCE0A981B7982F700B40049 /* PBXTargetDependency */,
			);
			name = NetPushDemoTests;
			productName = NetPushDemoTests;
			productReference = BCCE0A961B7982F700B40049 /* NetPushDemoTests.xctest */;
			productType = "com.apple.product-type.bundle.unit-test";
		};
/* End PBXNativeTarget section */

/* Begin PBXProject section */
		BCCE0A7B1B7982F700B40049 /* Project object */ = {
			isa = PBXProject;
			attributes = {
				LastUpgradeCheck = 0640;
				ORGANIZATIONNAME = ZKK;
				TargetAttributes = {
					BCCE0A821B7982F700B40049 = {
						CreatedOnToolsVersion = 6.4;
					};
					BCCE0A951B7982F700B40049 = {
						CreatedOnToolsVersion = 6.4;
						TestTargetID = BCCE0A821B7982F700B40049;
					};
				};
			};
			buildConfigurationList = BCCE0A7E1B7982F700B40049 /* Build configuration list for PBXProject "NetPushDemo" */;
			compatibilityVersion = "Xcode 3.2";
			developmentRegion = English;
			hasScannedForEncodings = 0;
			knownRegions = (
				en,
				Base,
			);
			mainGroup = BCCE0A7A1B7982F700B40049;
			productRefGroup = BCCE0A841B7982F700B40049 /* Products */;
			projectDirPath = "";
			projectRoot = "";
			targets = (
				BCCE0A821B7982F700B40049 /* NetPushDemo */,
				BCCE0A951B7982F700B40049 /* NetPushDemoTests */,
			);
		};
/* End PBXProject section */

/* Begin PBXResourcesBuildPhase section */
		BCCE0A811B7982F700B40049 /* Resources */ = {
			isa = PBXResourcesBuildPhase;
			buildActionMask = 2147483647;
			files = (
				BCCE0A911B7982F700B40049 /* LaunchScreen.xib in Resources */,
				BCCE0A8E1B7982F700B40049 /* Images.xcassets in Resources */,
			);
			runOnlyForDeploymentPostprocessing = 0;
		};
		BCCE0A941B7982F700B40049 /* Resources */ = {
			isa = PBXResourcesBuildPhase;
			buildActionMask = 2147483647;
			files = (
			);
			runOnlyForDeploymentPostprocessing = 0;
		};
/* End PBXResourcesBuildPhase section */

/* Begin PBXSourcesBuildPhase section */
		BCCE0A7F1B7982F700B40049 /* Sources */ = {
			isa = PBXSourcesBuildPhase;
			buildActionMask = 2147483647;
			files = (
				BCCE0A8C1B7982F700B40049 /* AppDelegate.m in Sources */,
				BCCE0A891B7982F700B40049 /* main.m in Sources */,
			);
			runOnlyForDeploymentPostprocessing = 0;
		};
		BCCE0A921B7982F700B40049 /* Sources */ = {
			isa = PBXSourcesBuildPhase;
			buildActionMask = 2147483647;
			files = (
				BCCE0A9D1B7982F700B40049 /* NetPushDemoTests.m in Sources */,
			);
			runOnlyForDeploymentPostprocessing = 0;
		};
/* End PBXSourcesBuildPhase section */

/* Begin PBXTargetDependency section */
		BCCE0A981B7982F700B40049 /* PBXTargetDependency */ = {
			isa = PBXTargetDependency;
			target = BCCE0A821B7982F700B40049 /* NetPushDemo */;
			targetProxy = BCCE0A971B7982F700B40049 /* PBXContainerItemProxy */;
		};
/* End PBXTargetDependency section */

/* Begin PBXVariantGroup section */
		BCCE0A8F1B7982F700B40049 /* LaunchScreen.xib */ = {
			isa = PBXVariantGroup;
			children = (
				BCCE0A901B7982F700B40049 /* Base */,
			);
			name = LaunchScreen.xib;
			sourceTree = "<group>";
		};
/* End PBXVariantGroup section */

/* Begin XCBuildConfiguration section */
		BCCE0A9E1B7982F700B40049 /* Debug */ = {
			isa = XCBuildConfiguration;
			buildSettings = {
				ALWAYS_SEARCH_USER_PATHS = NO;
				CLANG_CXX_LANGUAGE_STANDARD = "gnu++0x";
				CLANG_CXX_LIBRARY = "libc++";
				CLANG_ENABLE_MODULES = YES;
				CLANG_ENABLE_OBJC_ARC = YES;
				CLANG_WARN_BOOL_CONVERSION = YES;
				CLANG_WARN_CONSTANT_CONVERSION = YES;
				CLANG_WARN_DIRECT_OBJC_ISA_USAGE = YES_ERROR;
				CLANG_WARN_EMPTY_BODY = YES;
				CLANG_WARN_ENUM_CONVERSION = YES;
				CLANG_WARN_INT_CONVERSION = YES;
				CLANG_WARN_OBJC_ROOT_CLASS = YES_ERROR;
				CLANG_WARN_UNREACHABLE_CODE = YES;
				CLANG_WARN__DUPLICATE_METHOD_MATCH = YES;
				"CODE_SIGN_IDENTITY[sdk=iphoneos*]" = "iPhone Developer";
				COPY_PHASE_STRIP = NO;
				DEBUG_INFORMATION_FORMAT = "dwarf-with-dsym";
				ENABLE_STRICT_OBJC_MSGSEND = YES;
				GCC_C_LANGUAGE_STANDARD = gnu99;
				GCC_DYNAMIC_NO_PIC = NO;
				GCC_NO_COMMON_BLOCKS = YES;
				GCC_OPTIMIZATION_LEVEL = 0;
				GCC_PREPROCESSOR_DEFINITIONS = (
					"DEBUG=1",
					"$(inherited)",
				);
				GCC_SYMBOLS_PRIVATE_EXTERN = NO;
				GCC_WARN_64_TO_32_BIT_CONVERSION = YES;
				GCC_WARN_ABOUT_RETURN_TYPE = YES_ERROR;
				GCC_WARN_UNDECLARED_SELECTOR = YES;
				GCC_WARN_UNINITIALIZED_AUTOS = YES_AGGRESSIVE;
				GCC_WARN_UNUSED_FUNCTION = YES;
				GCC_WARN_UNUSED_VARIABLE = YES;
				IPHONEOS_DEPLOYMENT_TARGET = 8.4;
				MTL_ENABLE_DEBUG_INFO = YES;
				ONLY_ACTIVE_ARCH = YES;
				SDKROOT = iphoneos;
			};
			name = Debug;
		};
		BCCE0A9F1B7982F700B40049 /* Release */ = {
			isa = XCBuildConfiguration;
			buildSettings = {
				ALWAYS_SEARCH_USER_PATHS = NO;
				CLANG_CXX_LANGUAGE_STANDARD = "gnu++0x";
				CLANG_CXX_LIBRARY = "libc++";
				CLANG_ENABLE_MODULES = YES;
				CLANG_ENABLE_OBJC_ARC = YES;
				CLANG_WARN_BOOL_CONVERSION = YES;
				CLANG_WARN_CONSTANT_CONVERSION = YES;
				CLANG_WARN_DIRECT_OBJC_ISA_USAGE = YES_ERROR;
				CLANG_WARN_EMPTY_BODY = YES;
				CLANG_WARN_ENUM_CONVERSION = YES;
				CLANG_WARN_INT_CONVERSION = YES;
				CLANG_WARN_OBJC_ROOT_CLASS = YES_ERROR;
				CLANG_WARN_UNREACHABLE_CODE = YES;
				CLANG_WARN__DUPLICATE_METHOD_MATCH = YES;
				"CODE_SIGN_IDENTITY[sdk=iphoneos*]" = "iPhone Developer";
				COPY_PHASE_STRIP = NO;
				DEBUG_INFORMATION_FORMAT = "dwarf-with-dsym";
				ENABLE_NS_ASSERTIONS = NO;
				ENABLE_STRICT_OBJC_MSGSEND = YES;
				GCC_C_LANGUAGE_STANDARD = gnu99;
				GCC_NO_COMMON_BLOCKS = YES;
				GCC_WARN_64_TO_32_BIT_CONVERSION = YES;
				GCC_WARN_ABOUT_RETURN_TYPE = YES_ERROR;
				GCC_WARN_UNDECLARED_SELECTOR = YES;
				GCC_WARN_UNINITIALIZED_AUTOS = YES_AGGRESSIVE;
				GCC_WARN_UNUSED_FUNCTION = YES;
				GCC_WARN_UNUSED_VARIABLE = YES;
				IPHONEOS_DEPLOYMENT_TARGET = 8.4;
				MTL_ENABLE_DEBUG_INFO = NO;
				SDKROOT = iphoneos;
				VALIDATE_PRODUCT = YES;
			};
			name = Release;
		};
		BCCE0AA11B7982F700B40049 /* Debug */ = {
			isa = XCBuildConfiguration;
			buildSettings = {
				ASSETCATALOG_COMPILER_APPICON_NAME = AppIcon;
				INFOPLIST_FILE = NetPushDemo/Info.plist;
				LD_RUNPATH_SEARCH_PATHS = "$(inherited) @executable_path/Frameworks";
				PRODUCT_NAME = "$(TARGET_NAME)";
			};
			name = Debug;
		};
		BCCE0AA21B7982F700B40049 /* Release */ = {
			isa = XCBuildConfiguration;
			buildSettings = {
				ASSETCATALOG_COMPILER_APPICON_NAME = AppIcon;
				INFOPLIST_FILE = NetPushDemo/Info.plist;
				LD_RUNPATH_SEARCH_PATHS = "$(inherited) @executable_path/Frameworks";
				PRODUCT_NAME = "$(TARGET_NAME)";
			};
			name = Release;
		};
		BCCE0AA41B7982F700B40049 /* Debug */ = {
			isa = XCBuildConfiguration;
			buildSettings = {
				BUNDLE_LOADER = "$(TEST_HOST)";
				FRAMEWORK_SEARCH_PATHS = (
					"$(SDKROOT)/Developer/Library/Frameworks",
					"$(inherited)",
				);
				GCC_PREPROCESSOR_DEFINITIONS = (
					"DEBUG=1",
					"$(inherited)",
				);
				INFOPLIST_FILE = NetPushDemoTests/Info.plist;
				LD_RUNPATH_SEARCH_PATHS = "$(inherited) @executable_path/Frameworks @loader_path/Frameworks";
				PRODUCT_NAME = "$(TARGET_NAME)";
				TEST_HOST = "$(BUILT_PRODUCTS_DIR)/NetPushDemo.app/NetPushDemo";
			};
			name = Debug;
		};
		BCCE0AA51B7982F700B40049 /* Release */ = {
			isa = XCBuildConfiguration;
			buildSettings = {
				BUNDLE_LOADER = "$(TEST_HOST)";
				FRAMEWORK_SEARCH_PATHS = (
					"$(SDKROOT)/Developer/Library/Frameworks",
					"$(inherited)",
				);
				INFOPLIST_FILE = NetPushDemoTests/Info.plist;
				LD_RUNPATH_SEARCH_PATHS = "$(inherited) @executable_path/Frameworks @loader_path/Frameworks";
				PRODUCT_NAME = "$(TARGET_NAME)";
				TEST_HOST = "$(BUILT_PRODUCTS_DIR)/NetPushDemo.app/NetPushDemo";
			};
			name = Release;
		};
/* End XCBuildConfiguration section */

/* Begin XCConfigurationList section */
		BCCE0A7E1B7982F700B40049 /* Build configuration list for PBXProject "NetPushDemo" */ = {
			isa = XCConfigurationList;
			buildConfigurations = (
				BCCE0A9E1B7982F700B40049 /* Debug */,
				BCCE0A9F1B7982F700B40049 /* Release */,
			);
			defaultConfigurationIsVisible = 0;
			defaultConfigurationName = Release;
		};
		BCCE0AA01B7982F700B40049 /* Build configuration list for PBXNativeTarget "NetPushDemo" */ = {
			isa = XCConfigurationList;
			buildConfigurations = (
				BCCE0AA11B7982F700B40049 /* Debug */,
				BCCE0AA21B7982F700B40049 /* Release */,
			);
			defaultConfigurationIsVisible = 0;
		};
		BCCE0AA31B7982F700B40049 /* Build configuration list for PBXNativeTarget "NetPushDemoTests" */ = {
			isa = XCConfigurationList;
			buildConfigurations = (
				BCCE0AA41B7982F700B40049 /* Debug */,
				BCCE0AA51B7982F700B40049 /* Release */,
			);
			defaultConfigurationIsVisible = 0;
		};
/* End XCConfigurationList section */
	};
	rootObject = BCCE0A7B1B7982F700B40049 /* Project object */;
}
